{
    "name": "node-red-project",
    "version": "0.0.1",
    "lockfileVersion": 1,
    "requires": true,
    "dependencies": {
        "node-red-node-pi-gpio": {
            "version": "2.0.1",
            "resolved": "https://registry.npmjs.org/node-red-node-pi-gpio/-/node-red-node-pi-gpio-2.0.1.tgz",
            "integrity": "sha512-VwoCQhztA1EvbbOQVVKw1HyJMMDbR/gojIYbBPqOGa5MdMdjgr1ZUj2jzTWflHojNr1MBoJVgMIY6Q8b2yOvMA=="
        }
    }
}
